
Microsoft Visual Studio Solution File, Format Version 12.00
Project("{FAE04EC0-301F-11D3-BF4B-00C04F79EFBC}") = "RichEnum", "RichEnum\RichEnum.csproj", "{D6630B3F-08DD-4ABF-BF5C-3854C67DA30A}"
EndProject
Project("{FAE04EC0-301F-11D3-BF4B-00C04F79EFBC}") = "Test", "Test\Test.csproj", "{68C24999-1D26-453A-86CC-12E23F46D8EF}"
EndProject
Project("{FAE04EC0-301F-11D3-BF4B-00C04F79EFBC}") = "EnumTest", "EnumTest\EnumTest.csproj", "{33D1B168-85A7-4705-B4CB-1E905552280D}"
EndProject
Project("{FAE04EC0-301F-11D3-BF4B-00C04F79EFBC}") = "RichEnum.Attribute", "RichEnum.Attribute\RichEnum.Attribute.csproj", "{271E2790-C90D-48F3-9F65-1151EA8D7076}"
EndProject
Project("{FAE04EC0-301F-11D3-BF4B-00C04F79EFBC}") = "UnitTest", "UnitTest\UnitTest.csproj", "{CAE10207-2A9F-46ED-9DC2-3D5233F2FE76}"
EndProject
Global
	GlobalSection(SolutionConfigurationPlatforms) = preSolution
		Debug|Any CPU = Debug|Any CPU
		Release|Any CPU = Release|Any CPU
	EndGlobalSection
	GlobalSection(ProjectConfigurationPlatforms) = postSolution
		{D6630B3F-08DD-4ABF-BF5C-3854C67DA30A}.Debug|Any CPU.ActiveCfg = Debug|Any CPU
		{D6630B3F-08DD-4ABF-BF5C-3854C67DA30A}.Debug|Any CPU.Build.0 = Debug|Any CPU
		{D6630B3F-08DD-4ABF-BF5C-3854C67DA30A}.Release|Any CPU.ActiveCfg = Release|Any CPU
		{D6630B3F-08DD-4ABF-BF5C-3854C67DA30A}.Release|Any CPU.Build.0 = Release|Any CPU
		{68C24999-1D26-453A-86CC-12E23F46D8EF}.Debug|Any CPU.ActiveCfg = Debug|Any CPU
		{68C24999-1D26-453A-86CC-12E23F46D8EF}.Debug|Any CPU.Build.0 = Debug|Any CPU
		{68C24999-1D26-453A-86CC-12E23F46D8EF}.Release|Any CPU.ActiveCfg = Release|Any CPU
		{68C24999-1D26-453A-86CC-12E23F46D8EF}.Release|Any CPU.Build.0 = Release|Any CPU
		{33D1B168-85A7-4705-B4CB-1E905552280D}.Debug|Any CPU.ActiveCfg = Debug|Any CPU
		{33D1B168-85A7-4705-B4CB-1E905552280D}.Debug|Any CPU.Build.0 = Debug|Any CPU
		{33D1B168-85A7-4705-B4CB-1E905552280D}.Release|Any CPU.ActiveCfg = Release|Any CPU
		{33D1B168-85A7-4705-B4CB-1E905552280D}.Release|Any CPU.Build.0 = Release|Any CPU
		{271E2790-C90D-48F3-9F65-1151EA8D7076}.Debug|Any CPU.ActiveCfg = Debug|Any CPU
		{271E2790-C90D-48F3-9F65-1151EA8D7076}.Debug|Any CPU.Build.0 = Debug|Any CPU
		{271E2790-C90D-48F3-9F65-1151EA8D7076}.Release|Any CPU.ActiveCfg = Release|Any CPU
		{271E2790-C90D-48F3-9F65-1151EA8D7076}.Release|Any CPU.Build.0 = Release|Any CPU
		{CAE10207-2A9F-46ED-9DC2-3D5233F2FE76}.Debug|Any CPU.ActiveCfg = Debug|Any CPU
		{CAE10207-2A9F-46ED-9DC2-3D5233F2FE76}.Debug|Any CPU.Build.0 = Debug|Any CPU
		{CAE10207-2A9F-46ED-9DC2-3D5233F2FE76}.Release|Any CPU.ActiveCfg = Release|Any CPU
		{CAE10207-2A9F-46ED-9DC2-3D5233F2FE76}.Release|Any CPU.Build.0 = Release|Any CPU
	EndGlobalSection
EndGlobal
